
Microsoft Visual Studio Solution File, Format Version 12.00
# Visual Studio Version 17
VisualStudioVersion = 17.4.33213.308
MinimumVisualStudioVersion = 10.0.40219.1
Project("{FAE04EC0-301F-11D3-BF4B-00C04F79EFBC}") = "task2", "task2\task2.csproj", "{CE4D631D-5192-4005-BF18-AD07683617F5}"
EndProject
Global
	GlobalSection(SolutionConfigurationPlatforms) = preSolution
		Debug|Any CPU = Debug|Any CPU
		Release|Any CPU = Release|Any CPU
	EndGlobalSection
	GlobalSection(ProjectConfigurationPlatforms) = postSolution
		{CE4D631D-5192-4005-BF18-AD07683617F5}.Debug|Any CPU.ActiveCfg = Debug|Any CPU
		{CE4D631D-5192-4005-BF18-AD07683617F5}.Debug|Any CPU.Build.0 = Debug|Any CPU
		{CE4D631D-5192-4005-BF18-AD07683617F5}.Release|Any CPU.ActiveCfg = Release|Any CPU
		{CE4D631D-5192-4005-BF18-AD07683617F5}.Release|Any CPU.Build.0 = Release|Any CPU
	EndGlobalSection
	GlobalSection(SolutionProperties) = preSolution
		HideSolutionNode = FALSE
	EndGlobalSection
	GlobalSection(ExtensibilityGlobals) = postSolution
		SolutionGuid = {074AC966-E6D1-4828-B4B1-02DE97E42470}
	EndGlobalSection
EndGlobal
